
Microsoft Visual Studio Solution File, Format Version 12.00
# Visual Studio 15
VisualStudioVersion = 15.0.27703.2042
MinimumVisualStudioVersion = 10.0.40219.1
Project("{FAE04EC0-301F-11D3-BF4B-00C04F79EFBC}") = "FeedApi", "FeedApi\FeedApi.csproj", "{05DA5057-DEF8-45F5-AEDD-B304B30EE107}"
EndProject
Project("{2150E333-8FDC-42A3-9474-1A3956D46DE8}") = "Solution Items", "Solution Items", "{348AEFD3-A9D5-4A9E-A25D-65E77DF99896}"
	ProjectSection(SolutionItems) = preProject
		Task.txt = Task.txt
	EndProjectSection
EndProject
Global
	GlobalSection(SolutionConfigurationPlatforms) = preSolution
		Debug|Any CPU = Debug|Any CPU
		Release|Any CPU = Release|Any CPU
	EndGlobalSection
	GlobalSection(ProjectConfigurationPlatforms) = postSolution
		{05DA5057-DEF8-45F5-AEDD-B304B30EE107}.Debug|Any CPU.ActiveCfg = Debug|Any CPU
		{05DA5057-DEF8-45F5-AEDD-B304B30EE107}.Debug|Any CPU.Build.0 = Debug|Any CPU
		{05DA5057-DEF8-45F5-AEDD-B304B30EE107}.Release|Any CPU.ActiveCfg = Release|Any CPU
		{05DA5057-DEF8-45F5-AEDD-B304B30EE107}.Release|Any CPU.Build.0 = Release|Any CPU
	EndGlobalSection
	GlobalSection(SolutionProperties) = preSolution
		HideSolutionNode = FALSE
	EndGlobalSection
	GlobalSection(ExtensibilityGlobals) = postSolution
		SolutionGuid = {1F4CA863-5324-44A9-9C1B-106176F82ED8}
	EndGlobalSection
EndGlobal
